// !$*UTF8*$!
{
	archiveVersion = 1;
	classes = {
	};
	objectVersion = 51;
	objects = {

/* Begin PBXBuildFile section */
		0FD6E143118E5188675E9631 /* libPods-svgren.a in Frameworks */ = {isa = PBXBuildFile; fileRef = EDD30F391C00A20289794B38 /* libPods-svgren.a */; };
		FA769F1522C5F87B0099E232 /* render.cpp in Sources */ = {isa = PBXBuildFile; fileRef = FA769F0822C5F87B0099E232 /* render.cpp */; };
		FA769F1622C5F87B0099E232 /* util.cpp in Sources */ = {isa = PBXBuildFile; fileRef = FA769F0922C5F87B0099E232 /* util.cpp */; };
		FA769F1722C5F87B0099E232 /* FilterApplier.cpp in Sources */ = {isa = PBXBuildFile; fileRef = FA769F0C22C5F87B0099E232 /* FilterApplier.cpp */; };
		FA769F1822C5F87B0099E232 /* Surface.cpp in Sources */ = {isa = PBXBuildFile; fileRef = FA769F0E22C5F87B0099E232 /* Surface.cpp */; };
		FA769F1922C5F87B0099E232 /* CanvasRegion.cpp in Sources */ = {isa = PBXBuildFile; fileRef = FA769F1022C5F87B0099E232 /* CanvasRegion.cpp */; };
		FA769F1A22C5F87B0099E232 /* Renderer.cpp in Sources */ = {isa = PBXBuildFile; fileRef = FA769F1322C5F87B0099E232 /* Renderer.cpp */; };
/* End PBXBuildFile section */

/* Begin PBXCopyFilesBuildPhase section */
		FA769EFC22C5F8500099E232 /* CopyFiles */ = {
			isa = PBXCopyFilesBuildPhase;
			buildActionMask = 2147483647;
			dstPath = "include/$(PRODUCT_NAME)";
			dstSubfolderSpec = 16;
			files = (
			);
			runOnlyForDeploymentPostprocessing = 0;
		};
/* End PBXCopyFilesBuildPhase section */

/* Begin PBXFileReference section */
		A72B6F94C9346044C418C324 /* Pods-svgren.debug.xcconfig */ = {isa = PBXFileReference; includeInIndex = 1; lastKnownFileType = text.xcconfig; name = "Pods-svgren.debug.xcconfig"; path = "Target Support Files/Pods-svgren/Pods-svgren.debug.xcconfig"; sourceTree = "<group>"; };
		C73E475413BD9798C04FF599 /* Pods-svgren.release.xcconfig */ = {isa = PBXFileReference; includeInIndex = 1; lastKnownFileType = text.xcconfig; name = "Pods-svgren.release.xcconfig"; path = "Target Support Files/Pods-svgren/Pods-svgren.release.xcconfig"; sourceTree = "<group>"; };
		EDD30F391C00A20289794B38 /* libPods-svgren.a */ = {isa = PBXFileReference; explicitFileType = archive.ar; includeInIndex = 0; path = "libPods-svgren.a"; sourceTree = BUILT_PRODUCTS_DIR; };
		FA769EFE22C5F8500099E232 /* libsvgren.a */ = {isa = PBXFileReference; explicitFileType = archive.ar; includeInIndex = 0; path = libsvgren.a; sourceTree = BUILT_PRODUCTS_DIR; };
		FA769F0822C5F87B0099E232 /* render.cpp */ = {isa = PBXFileReference; fileEncoding = 4; lastKnownFileType = sourcecode.cpp.cpp; path = render.cpp; sourceTree = "<group>"; };
		FA769F0922C5F87B0099E232 /* util.cpp */ = {isa = PBXFileReference; fileEncoding = 4; lastKnownFileType = sourcecode.cpp.cpp; path = util.cpp; sourceTree = "<group>"; };
		FA769F0A22C5F87B0099E232 /* util.hxx */ = {isa = PBXFileReference; fileEncoding = 4; lastKnownFileType = sourcecode.cpp.h; path = util.hxx; sourceTree = "<group>"; };
		FA769F0B22C5F87B0099E232 /* config.hpp */ = {isa = PBXFileReference; fileEncoding = 4; lastKnownFileType = sourcecode.cpp.h; path = config.hpp; sourceTree = "<group>"; };
		FA769F0C22C5F87B0099E232 /* FilterApplier.cpp */ = {isa = PBXFileReference; fileEncoding = 4; lastKnownFileType = sourcecode.cpp.cpp; path = FilterApplier.cpp; sourceTree = "<group>"; };
		FA769F0D22C5F87B0099E232 /* FilterApplier.hxx */ = {isa = PBXFileReference; fileEncoding = 4; lastKnownFileType = sourcecode.cpp.h; path = FilterApplier.hxx; sourceTree = "<group>"; };
		FA769F0E22C5F87B0099E232 /* Surface.cpp */ = {isa = PBXFileReference; fileEncoding = 4; lastKnownFileType = sourcecode.cpp.cpp; path = Surface.cpp; sourceTree = "<group>"; };
		FA769F0F22C5F87B0099E232 /* Renderer.hxx */ = {isa = PBXFileReference; fileEncoding = 4; lastKnownFileType = sourcecode.cpp.h; path = Renderer.hxx; sourceTree = "<group>"; };
		FA769F1022C5F87B0099E232 /* CanvasRegion.cpp */ = {isa = PBXFileReference; fileEncoding = 4; lastKnownFileType = sourcecode.cpp.cpp; path = CanvasRegion.cpp; sourceTree = "<group>"; };
		FA769F1122C5F87B0099E232 /* render.hpp */ = {isa = PBXFileReference; fileEncoding = 4; lastKnownFileType = sourcecode.cpp.h; path = render.hpp; sourceTree = "<group>"; };
		FA769F1222C5F87B0099E232 /* CanvasRegion.hxx */ = {isa = PBXFileReference; fileEncoding = 4; lastKnownFileType = sourcecode.cpp.h; path = CanvasRegion.hxx; sourceTree = "<group>"; };
		FA769F1322C5F87B0099E232 /* Renderer.cpp */ = {isa = PBXFileReference; fileEncoding = 4; lastKnownFileType = sourcecode.cpp.cpp; path = Renderer.cpp; sourceTree = "<group>"; };
		FA769F1422C5F87B0099E232 /* Surface.hxx */ = {isa = PBXFileReference; fileEncoding = 4; lastKnownFileType = sourcecode.cpp.h; path = Surface.hxx; sourceTree = "<group>"; };
/* End PBXFileReference section */

/* Begin PBXFrameworksBuildPhase section */
		FA769EFB22C5F8500099E232 /* Frameworks */ = {
			isa = PBXFrameworksBuildPhase;
			buildActionMask = 2147483647;
			files = (
				0FD6E143118E5188675E9631 /* libPods-svgren.a in Frameworks */,
			);
			runOnlyForDeploymentPostprocessing = 0;
		};
/* End PBXFrameworksBuildPhase section */

/* Begin PBXGroup section */
		0054743823D9C84337052159 /* Frameworks */ = {
			isa = PBXGroup;
			children = (
				EDD30F391C00A20289794B38 /* libPods-svgren.a */,
			);
			name = Frameworks;
			sourceTree = "<group>";
		};
		EB5CF127394CBC3CAF77DBAC /* Pods */ = {
			isa = PBXGroup;
			children = (
				A72B6F94C9346044C418C324 /* Pods-svgren.debug.xcconfig */,
				C73E475413BD9798C04FF599 /* Pods-svgren.release.xcconfig */,
			);
			name = Pods;
			path = ../Pods;
			sourceTree = "<group>";
		};
		FA769EE522C5F8250099E232 = {
			isa = PBXGroup;
			children = (
				FA769F0722C5F87B0099E232 /* svgren */,
				FA769EEF22C5F8250099E232 /* Products */,
				EB5CF127394CBC3CAF77DBAC /* Pods */,
				0054743823D9C84337052159 /* Frameworks */,
			);
			sourceTree = "<group>";
		};
		FA769EEF22C5F8250099E232 /* Products */ = {
			isa = PBXGroup;
			children = (
				FA769EFE22C5F8500099E232 /* libsvgren.a */,
			);
			name = Products;
			sourceTree = "<group>";
		};
		FA769F0722C5F87B0099E232 /* svgren */ = {
			isa = PBXGroup;
			children = (
				FA769F1022C5F87B0099E232 /* CanvasRegion.cpp */,
				FA769F1222C5F87B0099E232 /* CanvasRegion.hxx */,
				FA769F0B22C5F87B0099E232 /* config.hpp */,
				FA769F0C22C5F87B0099E232 /* FilterApplier.cpp */,
				FA769F0D22C5F87B0099E232 /* FilterApplier.hxx */,
				FA769F0822C5F87B0099E232 /* render.cpp */,
				FA769F1122C5F87B0099E232 /* render.hpp */,
				FA769F1322C5F87B0099E232 /* Renderer.cpp */,
				FA769F0F22C5F87B0099E232 /* Renderer.hxx */,
				FA769F0E22C5F87B0099E232 /* Surface.cpp */,
				FA769F1422C5F87B0099E232 /* Surface.hxx */,
				FA769F0922C5F87B0099E232 /* util.cpp */,
				FA769F0A22C5F87B0099E232 /* util.hxx */,
			);
			path = svgren;
			sourceTree = "<group>";
		};
/* End PBXGroup section */

/* Begin PBXNativeTarget section */
		FA769EFD22C5F8500099E232 /* svgren */ = {
			isa = PBXNativeTarget;
			buildConfigurationList = FA769F0422C5F8500099E232 /* Build configuration list for PBXNativeTarget "svgren" */;
			buildPhases = (
				BF4867EB9F0D1BCDD3AFAD8F /* [CP] Check Pods Manifest.lock */,
				FA769EFA22C5F8500099E232 /* Sources */,
				FA769EFB22C5F8500099E232 /* Frameworks */,
				FA769EFC22C5F8500099E232 /* CopyFiles */,
			);
			buildRules = (
			);
			dependencies = (
			);
			name = svgren;
			productName = svgren;
			productReference = FA769EFE22C5F8500099E232 /* libsvgren.a */;
			productType = "com.apple.product-type.library.static";
		};
/* End PBXNativeTarget section */

/* Begin PBXProject section */
		FA769EE622C5F8250099E232 /* Project object */ = {
			isa = PBXProject;
			attributes = {
				LastUpgradeCheck = 1020;
				ORGANIZATIONNAME = "Union Bank of the Philippines";
				TargetAttributes = {
					FA769EFD22C5F8500099E232 = {
						CreatedOnToolsVersion = 10.2.1;
					};
				};
			};
			buildConfigurationList = FA769EE922C5F8250099E232 /* Build configuration list for PBXProject "svgren" */;
			compatibilityVersion = "Xcode 10.0";
			developmentRegion = en;
			hasScannedForEncodings = 0;
			knownRegions = (
				en,
			);
			mainGroup = FA769EE522C5F8250099E232;
			productRefGroup = FA769EEF22C5F8250099E232 /* Products */;
			projectDirPath = "";
			projectRoot = "";
			targets = (
				FA769EFD22C5F8500099E232 /* svgren */,
			);
		};
/* End PBXProject section */

/* Begin PBXShellScriptBuildPhase section */
		BF4867EB9F0D1BCDD3AFAD8F /* [CP] Check Pods Manifest.lock */ = {
			isa = PBXShellScriptBuildPhase;
			buildActionMask = 2147483647;
			files = (
			);
			inputFileListPaths = (
			);
			inputPaths = (
				"${PODS_PODFILE_DIR_PATH}/Podfile.lock",
				"${PODS_ROOT}/Manifest.lock",
			);
			name = "[CP] Check Pods Manifest.lock";
			outputFileListPaths = (
			);
			outputPaths = (
				"$(DERIVED_FILE_DIR)/Pods-svgren-checkManifestLockResult.txt",
			);
			runOnlyForDeploymentPostprocessing = 0;
			shellPath = /bin/sh;
			shellScript = "diff \"${PODS_PODFILE_DIR_PATH}/Podfile.lock\" \"${PODS_ROOT}/Manifest.lock\" > /dev/null\nif [ $? != 0 ] ; then\n    # print error to STDERR\n    echo \"error: The sandbox is not in sync with the Podfile.lock. Run 'pod install' or update your CocoaPods installation.\" >&2\n    exit 1\nfi\n# This output is used by Xcode 'outputs' to avoid re-running this script phase.\necho \"SUCCESS\" > \"${SCRIPT_OUTPUT_FILE_0}\"\n";
			showEnvVarsInLog = 0;
		};
/* End PBXShellScriptBuildPhase section */

/* Begin PBXSourcesBuildPhase section */
		FA769EFA22C5F8500099E232 /* Sources */ = {
			isa = PBXSourcesBuildPhase;
			buildActionMask = 2147483647;
			files = (
				FA769F1A22C5F87B0099E232 /* Renderer.cpp in Sources */,
				FA769F1522C5F87B0099E232 /* render.cpp in Sources */,
				FA769F1822C5F87B0099E232 /* Surface.cpp in Sources */,
				FA769F1922C5F87B0099E232 /* CanvasRegion.cpp in Sources */,
				FA769F1722C5F87B0099E232 /* FilterApplier.cpp in Sources */,
				FA769F1622C5F87B0099E232 /* util.cpp in Sources */,
			);
			runOnlyForDeploymentPostprocessing = 0;
		};
/* End PBXSourcesBuildPhase section */

/* Begin XCBuildConfiguration section */
		FA769EF522C5F8250099E232 /* Debug */ = {
			isa = XCBuildConfiguration;
			buildSettings = {
				ALWAYS_SEARCH_USER_PATHS = NO;
				CLANG_ANALYZER_NONNULL = YES;
				CLANG_ANALYZER_NUMBER_OBJECT_CONVERSION = YES_AGGRESSIVE;
				CLANG_CXX_LANGUAGE_STANDARD = "gnu++14";
				CLANG_CXX_LIBRARY = "libc++";
				CLANG_ENABLE_MODULES = YES;
				CLANG_ENABLE_OBJC_ARC = YES;
				CLANG_ENABLE_OBJC_WEAK = YES;
				CLANG_WARN_BLOCK_CAPTURE_AUTORELEASING = YES;
				CLANG_WARN_BOOL_CONVERSION = YES;
				CLANG_WARN_COMMA = YES;
				CLANG_WARN_CONSTANT_CONVERSION = YES;
				CLANG_WARN_DEPRECATED_OBJC_IMPLEMENTATIONS = YES;
				CLANG_WARN_DIRECT_OBJC_ISA_USAGE = YES_ERROR;
				CLANG_WARN_DOCUMENTATION_COMMENTS = YES;
				CLANG_WARN_EMPTY_BODY = YES;
				CLANG_WARN_ENUM_CONVERSION = YES;
				CLANG_WARN_INFINITE_RECURSION = YES;
				CLANG_WARN_INT_CONVERSION = YES;
				CLANG_WARN_NON_LITERAL_NULL_CONVERSION = YES;
				CLANG_WARN_OBJC_IMPLICIT_RETAIN_SELF = YES;
				CLANG_WARN_OBJC_LITERAL_CONVERSION = YES;
				CLANG_WARN_OBJC_ROOT_CLASS = YES_ERROR;
				CLANG_WARN_RANGE_LOOP_ANALYSIS = YES;
				CLANG_WARN_STRICT_PROTOTYPES = YES;
				CLANG_WARN_SUSPICIOUS_MOVE = YES;
				CLANG_WARN_UNGUARDED_AVAILABILITY = YES_AGGRESSIVE;
				CLANG_WARN_UNREACHABLE_CODE = YES;
				CLANG_WARN__DUPLICATE_METHOD_MATCH = YES;
				CODE_SIGN_IDENTITY = "iPhone Developer";
				COPY_PHASE_STRIP = NO;
				DEBUG_INFORMATION_FORMAT = dwarf;
				ENABLE_STRICT_OBJC_MSGSEND = YES;
				ENABLE_TESTABILITY = YES;
				GCC_C_LANGUAGE_STANDARD = gnu11;
				GCC_DYNAMIC_NO_PIC = NO;
				GCC_NO_COMMON_BLOCKS = YES;
				GCC_OPTIMIZATION_LEVEL = 0;
				GCC_PREPROCESSOR_DEFINITIONS = (
					"DEBUG=1",
					"$(inherited)",
				);
				GCC_WARN_64_TO_32_BIT_CONVERSION = YES;
				GCC_WARN_ABOUT_RETURN_TYPE = YES_ERROR;
				GCC_WARN_UNDECLARED_SELECTOR = YES;
				GCC_WARN_UNINITIALIZED_AUTOS = YES_AGGRESSIVE;
				GCC_WARN_UNUSED_FUNCTION = YES;
				GCC_WARN_UNUSED_VARIABLE = YES;
				IPHONEOS_DEPLOYMENT_TARGET = 12.2;
				MTL_ENABLE_DEBUG_INFO = INCLUDE_SOURCE;
				MTL_FAST_MATH = YES;
				ONLY_ACTIVE_ARCH = YES;
				SDKROOT = iphoneos;
			};
			name = Debug;
		};
		FA769EF622C5F8250099E232 /* Release */ = {
			isa = XCBuildConfiguration;
			buildSettings = {
				ALWAYS_SEARCH_USER_PATHS = NO;
				CLANG_ANALYZER_NONNULL = YES;
				CLANG_ANALYZER_NUMBER_OBJECT_CONVERSION = YES_AGGRESSIVE;
				CLANG_CXX_LANGUAGE_STANDARD = "gnu++14";
				CLANG_CXX_LIBRARY = "libc++";
				CLANG_ENABLE_MODULES = YES;
				CLANG_ENABLE_OBJC_ARC = YES;
				CLANG_ENABLE_OBJC_WEAK = YES;
				CLANG_WARN_BLOCK_CAPTURE_AUTORELEASING = YES;
				CLANG_WARN_BOOL_CONVERSION = YES;
				CLANG_WARN_COMMA = YES;
				CLANG_WARN_CONSTANT_CONVERSION = YES;
				CLANG_WARN_DEPRECATED_OBJC_IMPLEMENTATIONS = YES;
				CLANG_WARN_DIRECT_OBJC_ISA_USAGE = YES_ERROR;
				CLANG_WARN_DOCUMENTATION_COMMENTS = YES;
				CLANG_WARN_EMPTY_BODY = YES;
				CLANG_WARN_ENUM_CONVERSION = YES;
				CLANG_WARN_INFINITE_RECURSION = YES;
				CLANG_WARN_INT_CONVERSION = YES;
				CLANG_WARN_NON_LITERAL_NULL_CONVERSION = YES;
				CLANG_WARN_OBJC_IMPLICIT_RETAIN_SELF = YES;
				CLANG_WARN_OBJC_LITERAL_CONVERSION = YES;
				CLANG_WARN_OBJC_ROOT_CLASS = YES_ERROR;
				CLANG_WARN_RANGE_LOOP_ANALYSIS = YES;
				CLANG_WARN_STRICT_PROTOTYPES = YES;
				CLANG_WARN_SUSPICIOUS_MOVE = YES;
				CLANG_WARN_UNGUARDED_AVAILABILITY = YES_AGGRESSIVE;
				CLANG_WARN_UNREACHABLE_CODE = YES;
				CLANG_WARN__DUPLICATE_METHOD_MATCH = YES;
				CODE_SIGN_IDENTITY = "iPhone Developer";
				COPY_PHASE_STRIP = NO;
				DEBUG_INFORMATION_FORMAT = "dwarf-with-dsym";
				ENABLE_NS_ASSERTIONS = NO;
				ENABLE_STRICT_OBJC_MSGSEND = YES;
				GCC_C_LANGUAGE_STANDARD = gnu11;
				GCC_NO_COMMON_BLOCKS = YES;
				GCC_WARN_64_TO_32_BIT_CONVERSION = YES;
				GCC_WARN_ABOUT_RETURN_TYPE = YES_ERROR;
				GCC_WARN_UNDECLARED_SELECTOR = YES;
				GCC_WARN_UNINITIALIZED_AUTOS = YES_AGGRESSIVE;
				GCC_WARN_UNUSED_FUNCTION = YES;
				GCC_WARN_UNUSED_VARIABLE = YES;
				IPHONEOS_DEPLOYMENT_TARGET = 12.2;
				MTL_ENABLE_DEBUG_INFO = NO;
				MTL_FAST_MATH = YES;
				SDKROOT = iphoneos;
				VALIDATE_PRODUCT = YES;
			};
			name = Release;
		};
		FA769F0522C5F8500099E232 /* Debug */ = {
			isa = XCBuildConfiguration;
			baseConfigurationReference = A72B6F94C9346044C418C324 /* Pods-svgren.debug.xcconfig */;
			buildSettings = {
				CODE_SIGN_STYLE = Automatic;
				DEVELOPMENT_TEAM = SL3TH38Y7N;
				HEADER_SEARCH_PATHS = (
					"$(inherited)",
					"\"$(SRCROOT)/../svgdom\"",
					"\"${PODS_ROOT}/Headers/Public\"",
					"\"${PODS_ROOT}/Headers/Public/libcairo\"",
					"\"${PODS_ROOT}/Headers/Public/libmikroxml\"",
					"\"${PODS_ROOT}/Headers/Public/libpapki\"",
					"\"${PODS_ROOT}/Headers/Public/libpixman\"",
					"\"${PODS_ROOT}/Headers/Public/libunikod\"",
					"\"${PODS_ROOT}/Headers/Public/libutki\"",
				);
				OTHER_LDFLAGS = "-ObjC";
				PRODUCT_NAME = "$(TARGET_NAME)";
				SKIP_INSTALL = YES;
				TARGETED_DEVICE_FAMILY = "1,2";
			};
			name = Debug;
		};
		FA769F0622C5F8500099E232 /* Release */ = {
			isa = XCBuildConfiguration;
			baseConfigurationReference = C73E475413BD9798C04FF599 /* Pods-svgren.release.xcconfig */;
			buildSettings = {
				CODE_SIGN_STYLE = Automatic;
				DEVELOPMENT_TEAM = SL3TH38Y7N;
				HEADER_SEARCH_PATHS = (
					"$(inherited)",
					"\"$(SRCROOT)/../svgdom\"",
					"\"${PODS_ROOT}/Headers/Public\"",
					"\"${PODS_ROOT}/Headers/Public/libcairo\"",
					"\"${PODS_ROOT}/Headers/Public/libmikroxml\"",
					"\"${PODS_ROOT}/Headers/Public/libpapki\"",
					"\"${PODS_ROOT}/Headers/Public/libpixman\"",
					"\"${PODS_ROOT}/Headers/Public/libunikod\"",
					"\"${PODS_ROOT}/Headers/Public/libutki\"",
				);
				OTHER_LDFLAGS = "-ObjC";
				PRODUCT_NAME = "$(TARGET_NAME)";
				SKIP_INSTALL = YES;
				TARGETED_DEVICE_FAMILY = "1,2";
			};
			name = Release;
		};
/* End XCBuildConfiguration section */

/* Begin XCConfigurationList section */
		FA769EE922C5F8250099E232 /* Build configuration list for PBXProject "svgren" */ = {
			isa = XCConfigurationList;
			buildConfigurations = (
				FA769EF522C5F8250099E232 /* Debug */,
				FA769EF622C5F8250099E232 /* Release */,
			);
			defaultConfigurationIsVisible = 0;
			defaultConfigurationName = Release;
		};
		FA769F0422C5F8500099E232 /* Build configuration list for PBXNativeTarget "svgren" */ = {
			isa = XCConfigurationList;
			buildConfigurations = (
				FA769F0522C5F8500099E232 /* Debug */,
				FA769F0622C5F8500099E232 /* Release */,
			);
			defaultConfigurationIsVisible = 0;
			defaultConfigurationName = Release;
		};
/* End XCConfigurationList section */
	};
	rootObject = FA769EE622C5F8250099E232 /* Project object */;
}
