// !$*UTF8*$!
{
	archiveVersion = 1;
	classes = {
	};
	objectVersion = 50;
	objects = {

/* Begin PBXBuildFile section */
		AFA9F85A2CE1B446C44C8217 /* libPods-svgdom.a in Frameworks */ = {isa = PBXBuildFile; fileRef = 0C17318C70EB124B0773899D /* libPods-svgdom.a */; };
		FA769F6222C5F9E90099E232 /* dom.cpp in Sources */ = {isa = PBXBuildFile; fileRef = FA769F3422C5F9E90099E232 /* dom.cpp */; };
		FA769F6322C5F9E90099E232 /* Length.cpp in Sources */ = {isa = PBXBuildFile; fileRef = FA769F3522C5F9E90099E232 /* Length.cpp */; };
		FA769F6422C5F9E90099E232 /* util.cpp in Sources */ = {isa = PBXBuildFile; fileRef = FA769F3622C5F9E90099E232 /* util.cpp */; };
		FA769F6522C5F9E90099E232 /* StreamWriter.cpp in Sources */ = {isa = PBXBuildFile; fileRef = FA769F3B22C5F9E90099E232 /* StreamWriter.cpp */; };
		FA769F6622C5F9E90099E232 /* TextElement.cpp in Sources */ = {isa = PBXBuildFile; fileRef = FA769F4222C5F9E90099E232 /* TextElement.cpp */; };
		FA769F6722C5F9E90099E232 /* ViewBoxed.cpp in Sources */ = {isa = PBXBuildFile; fileRef = FA769F4422C5F9E90099E232 /* ViewBoxed.cpp */; };
		FA769F6822C5F9E90099E232 /* ImageElement.cpp in Sources */ = {isa = PBXBuildFile; fileRef = FA769F4522C5F9E90099E232 /* ImageElement.cpp */; };
		FA769F6922C5F9E90099E232 /* Filter.cpp in Sources */ = {isa = PBXBuildFile; fileRef = FA769F4722C5F9E90099E232 /* Filter.cpp */; };
		FA769F6A22C5F9E90099E232 /* Gradients.cpp in Sources */ = {isa = PBXBuildFile; fileRef = FA769F4822C5F9E90099E232 /* Gradients.cpp */; };
		FA769F6B22C5F9E90099E232 /* Transformable.cpp in Sources */ = {isa = PBXBuildFile; fileRef = FA769F4A22C5F9E90099E232 /* Transformable.cpp */; };
		FA769F6C22C5F9E90099E232 /* Styleable.cpp in Sources */ = {isa = PBXBuildFile; fileRef = FA769F4D22C5F9E90099E232 /* Styleable.cpp */; };
		FA769F6D22C5F9E90099E232 /* Referencing.cpp in Sources */ = {isa = PBXBuildFile; fileRef = FA769F5122C5F9E90099E232 /* Referencing.cpp */; };
		FA769F6E22C5F9E90099E232 /* Rectangle.cpp in Sources */ = {isa = PBXBuildFile; fileRef = FA769F5222C5F9E90099E232 /* Rectangle.cpp */; };
		FA769F6F22C5F9E90099E232 /* Shapes.cpp in Sources */ = {isa = PBXBuildFile; fileRef = FA769F5422C5F9E90099E232 /* Shapes.cpp */; };
		FA769F7022C5F9E90099E232 /* AspectRatioed.cpp in Sources */ = {isa = PBXBuildFile; fileRef = FA769F5522C5F9E90099E232 /* AspectRatioed.cpp */; };
		FA769F7122C5F9E90099E232 /* Element.cpp in Sources */ = {isa = PBXBuildFile; fileRef = FA769F5622C5F9E90099E232 /* Element.cpp */; };
		FA769F7222C5F9E90099E232 /* Structurals.cpp in Sources */ = {isa = PBXBuildFile; fileRef = FA769F5722C5F9E90099E232 /* Structurals.cpp */; };
		FA769F7322C5F9E90099E232 /* Cloner.cpp in Sources */ = {isa = PBXBuildFile; fileRef = FA769F5922C5F9E90099E232 /* Cloner.cpp */; };
		FA769F7422C5F9E90099E232 /* Visitor.cpp in Sources */ = {isa = PBXBuildFile; fileRef = FA769F5B22C5F9E90099E232 /* Visitor.cpp */; };
		FA769F7522C5F9E90099E232 /* StyleStack.cpp in Sources */ = {isa = PBXBuildFile; fileRef = FA769F5D22C5F9E90099E232 /* StyleStack.cpp */; };
		FA769F7622C5F9E90099E232 /* Finder.cpp in Sources */ = {isa = PBXBuildFile; fileRef = FA769F5E22C5F9E90099E232 /* Finder.cpp */; };
		FA769F7722C5F9E90099E232 /* Parser.cpp in Sources */ = {isa = PBXBuildFile; fileRef = FA769F6122C5F9E90099E232 /* Parser.cpp */; };
/* End PBXBuildFile section */

/* Begin PBXCopyFilesBuildPhase section */
		FA769F2222C5F9B80099E232 /* CopyFiles */ = {
			isa = PBXCopyFilesBuildPhase;
			buildActionMask = 2147483647;
			dstPath = "include/$(PRODUCT_NAME)";
			dstSubfolderSpec = 16;
			files = (
			);
			runOnlyForDeploymentPostprocessing = 0;
		};
/* End PBXCopyFilesBuildPhase section */

/* Begin PBXFileReference section */
		0C17318C70EB124B0773899D /* libPods-svgdom.a */ = {isa = PBXFileReference; explicitFileType = archive.ar; includeInIndex = 0; path = "libPods-svgdom.a"; sourceTree = BUILT_PRODUCTS_DIR; };
		8A74AC59F8570F9008248DD3 /* Pods-svgdom.debug.xcconfig */ = {isa = PBXFileReference; includeInIndex = 1; lastKnownFileType = text.xcconfig; name = "Pods-svgdom.debug.xcconfig"; path = "Target Support Files/Pods-svgdom/Pods-svgdom.debug.xcconfig"; sourceTree = "<group>"; };
		C8C9E2FC49D6C138E4D19B4B /* Pods-svgdom.release.xcconfig */ = {isa = PBXFileReference; includeInIndex = 1; lastKnownFileType = text.xcconfig; name = "Pods-svgdom.release.xcconfig"; path = "Target Support Files/Pods-svgdom/Pods-svgdom.release.xcconfig"; sourceTree = "<group>"; };
		FA769F2422C5F9B80099E232 /* libsvgdom.a */ = {isa = PBXFileReference; explicitFileType = archive.ar; includeInIndex = 0; path = libsvgdom.a; sourceTree = BUILT_PRODUCTS_DIR; };
		FA769F3122C5F9E90099E232 /* Visitor.hpp */ = {isa = PBXFileReference; fileEncoding = 4; lastKnownFileType = sourcecode.cpp.h; path = Visitor.hpp; sourceTree = "<group>"; };
		FA769F3222C5F9E90099E232 /* StyleStack.hpp */ = {isa = PBXFileReference; fileEncoding = 4; lastKnownFileType = sourcecode.cpp.h; path = StyleStack.hpp; sourceTree = "<group>"; };
		FA769F3322C5F9E90099E232 /* Finder.hpp */ = {isa = PBXFileReference; fileEncoding = 4; lastKnownFileType = sourcecode.cpp.h; path = Finder.hpp; sourceTree = "<group>"; };
		FA769F3422C5F9E90099E232 /* dom.cpp */ = {isa = PBXFileReference; fileEncoding = 4; lastKnownFileType = sourcecode.cpp.cpp; path = dom.cpp; sourceTree = "<group>"; };
		FA769F3522C5F9E90099E232 /* Length.cpp */ = {isa = PBXFileReference; fileEncoding = 4; lastKnownFileType = sourcecode.cpp.cpp; path = Length.cpp; sourceTree = "<group>"; };
		FA769F3622C5F9E90099E232 /* util.cpp */ = {isa = PBXFileReference; fileEncoding = 4; lastKnownFileType = sourcecode.cpp.cpp; path = util.cpp; sourceTree = "<group>"; };
		FA769F3722C5F9E90099E232 /* util.hxx */ = {isa = PBXFileReference; fileEncoding = 4; lastKnownFileType = sourcecode.cpp.h; path = util.hxx; sourceTree = "<group>"; };
		FA769F3822C5F9E90099E232 /* StreamWriter.hpp */ = {isa = PBXFileReference; fileEncoding = 4; lastKnownFileType = sourcecode.cpp.h; path = StreamWriter.hpp; sourceTree = "<group>"; };
		FA769F3922C5F9E90099E232 /* config.hpp */ = {isa = PBXFileReference; fileEncoding = 4; lastKnownFileType = sourcecode.cpp.h; path = config.hpp; sourceTree = "<group>"; };
		FA769F3A22C5F9E90099E232 /* Cloner.hpp */ = {isa = PBXFileReference; fileEncoding = 4; lastKnownFileType = sourcecode.cpp.h; path = Cloner.hpp; sourceTree = "<group>"; };
		FA769F3B22C5F9E90099E232 /* StreamWriter.cpp */ = {isa = PBXFileReference; fileEncoding = 4; lastKnownFileType = sourcecode.cpp.cpp; path = StreamWriter.cpp; sourceTree = "<group>"; };
		FA769F3D22C5F9E90099E232 /* Shapes.hpp */ = {isa = PBXFileReference; fileEncoding = 4; lastKnownFileType = sourcecode.cpp.h; path = Shapes.hpp; sourceTree = "<group>"; };
		FA769F3E22C5F9E90099E232 /* AspectRatioed.hpp */ = {isa = PBXFileReference; fileEncoding = 4; lastKnownFileType = sourcecode.cpp.h; path = AspectRatioed.hpp; sourceTree = "<group>"; };
		FA769F3F22C5F9E90099E232 /* Element.hpp */ = {isa = PBXFileReference; fileEncoding = 4; lastKnownFileType = sourcecode.cpp.h; path = Element.hpp; sourceTree = "<group>"; };
		FA769F4022C5F9E90099E232 /* Container.hpp */ = {isa = PBXFileReference; fileEncoding = 4; lastKnownFileType = sourcecode.cpp.h; path = Container.hpp; sourceTree = "<group>"; };
		FA769F4122C5F9E90099E232 /* Structurals.hpp */ = {isa = PBXFileReference; fileEncoding = 4; lastKnownFileType = sourcecode.cpp.h; path = Structurals.hpp; sourceTree = "<group>"; };
		FA769F4222C5F9E90099E232 /* TextElement.cpp */ = {isa = PBXFileReference; fileEncoding = 4; lastKnownFileType = sourcecode.cpp.cpp; path = TextElement.cpp; sourceTree = "<group>"; };
		FA769F4322C5F9E90099E232 /* Styleable.hpp */ = {isa = PBXFileReference; fileEncoding = 4; lastKnownFileType = sourcecode.cpp.h; path = Styleable.hpp; sourceTree = "<group>"; };
		FA769F4422C5F9E90099E232 /* ViewBoxed.cpp */ = {isa = PBXFileReference; fileEncoding = 4; lastKnownFileType = sourcecode.cpp.cpp; path = ViewBoxed.cpp; sourceTree = "<group>"; };
		FA769F4522C5F9E90099E232 /* ImageElement.cpp */ = {isa = PBXFileReference; fileEncoding = 4; lastKnownFileType = sourcecode.cpp.cpp; path = ImageElement.cpp; sourceTree = "<group>"; };
		FA769F4622C5F9E90099E232 /* CoordinateUnits.hpp */ = {isa = PBXFileReference; fileEncoding = 4; lastKnownFileType = sourcecode.cpp.h; path = CoordinateUnits.hpp; sourceTree = "<group>"; };
		FA769F4722C5F9E90099E232 /* Filter.cpp */ = {isa = PBXFileReference; fileEncoding = 4; lastKnownFileType = sourcecode.cpp.cpp; path = Filter.cpp; sourceTree = "<group>"; };
		FA769F4822C5F9E90099E232 /* Gradients.cpp */ = {isa = PBXFileReference; fileEncoding = 4; lastKnownFileType = sourcecode.cpp.cpp; path = Gradients.cpp; sourceTree = "<group>"; };
		FA769F4922C5F9E90099E232 /* Referencing.hpp */ = {isa = PBXFileReference; fileEncoding = 4; lastKnownFileType = sourcecode.cpp.h; path = Referencing.hpp; sourceTree = "<group>"; };
		FA769F4A22C5F9E90099E232 /* Transformable.cpp */ = {isa = PBXFileReference; fileEncoding = 4; lastKnownFileType = sourcecode.cpp.cpp; path = Transformable.cpp; sourceTree = "<group>"; };
		FA769F4B22C5F9E90099E232 /* Rectangle.hpp */ = {isa = PBXFileReference; fileEncoding = 4; lastKnownFileType = sourcecode.cpp.h; path = Rectangle.hpp; sourceTree = "<group>"; };
		FA769F4C22C5F9E90099E232 /* ViewBoxed.hpp */ = {isa = PBXFileReference; fileEncoding = 4; lastKnownFileType = sourcecode.cpp.h; path = ViewBoxed.hpp; sourceTree = "<group>"; };
		FA769F4D22C5F9E90099E232 /* Styleable.cpp */ = {isa = PBXFileReference; fileEncoding = 4; lastKnownFileType = sourcecode.cpp.cpp; path = Styleable.cpp; sourceTree = "<group>"; };
		FA769F4E22C5F9E90099E232 /* ImageElement.hpp */ = {isa = PBXFileReference; fileEncoding = 4; lastKnownFileType = sourcecode.cpp.h; path = ImageElement.hpp; sourceTree = "<group>"; };
		FA769F4F22C5F9E90099E232 /* Filter.hpp */ = {isa = PBXFileReference; fileEncoding = 4; lastKnownFileType = sourcecode.cpp.h; path = Filter.hpp; sourceTree = "<group>"; };
		FA769F5022C5F9E90099E232 /* Gradients.hpp */ = {isa = PBXFileReference; fileEncoding = 4; lastKnownFileType = sourcecode.cpp.h; path = Gradients.hpp; sourceTree = "<group>"; };
		FA769F5122C5F9E90099E232 /* Referencing.cpp */ = {isa = PBXFileReference; fileEncoding = 4; lastKnownFileType = sourcecode.cpp.cpp; path = Referencing.cpp; sourceTree = "<group>"; };
		FA769F5222C5F9E90099E232 /* Rectangle.cpp */ = {isa = PBXFileReference; fileEncoding = 4; lastKnownFileType = sourcecode.cpp.cpp; path = Rectangle.cpp; sourceTree = "<group>"; };
		FA769F5322C5F9E90099E232 /* Transformable.hpp */ = {isa = PBXFileReference; fileEncoding = 4; lastKnownFileType = sourcecode.cpp.h; path = Transformable.hpp; sourceTree = "<group>"; };
		FA769F5422C5F9E90099E232 /* Shapes.cpp */ = {isa = PBXFileReference; fileEncoding = 4; lastKnownFileType = sourcecode.cpp.cpp; path = Shapes.cpp; sourceTree = "<group>"; };
		FA769F5522C5F9E90099E232 /* AspectRatioed.cpp */ = {isa = PBXFileReference; fileEncoding = 4; lastKnownFileType = sourcecode.cpp.cpp; path = AspectRatioed.cpp; sourceTree = "<group>"; };
		FA769F5622C5F9E90099E232 /* Element.cpp */ = {isa = PBXFileReference; fileEncoding = 4; lastKnownFileType = sourcecode.cpp.cpp; path = Element.cpp; sourceTree = "<group>"; };
		FA769F5722C5F9E90099E232 /* Structurals.cpp */ = {isa = PBXFileReference; fileEncoding = 4; lastKnownFileType = sourcecode.cpp.cpp; path = Structurals.cpp; sourceTree = "<group>"; };
		FA769F5822C5F9E90099E232 /* TextElement.hpp */ = {isa = PBXFileReference; fileEncoding = 4; lastKnownFileType = sourcecode.cpp.h; path = TextElement.hpp; sourceTree = "<group>"; };
		FA769F5922C5F9E90099E232 /* Cloner.cpp */ = {isa = PBXFileReference; fileEncoding = 4; lastKnownFileType = sourcecode.cpp.cpp; path = Cloner.cpp; sourceTree = "<group>"; };
		FA769F5A22C5F9E90099E232 /* Exc.hpp */ = {isa = PBXFileReference; fileEncoding = 4; lastKnownFileType = sourcecode.cpp.h; path = Exc.hpp; sourceTree = "<group>"; };
		FA769F5B22C5F9E90099E232 /* Visitor.cpp */ = {isa = PBXFileReference; fileEncoding = 4; lastKnownFileType = sourcecode.cpp.cpp; path = Visitor.cpp; sourceTree = "<group>"; };
		FA769F5C22C5F9E90099E232 /* dom.hpp */ = {isa = PBXFileReference; fileEncoding = 4; lastKnownFileType = sourcecode.cpp.h; path = dom.hpp; sourceTree = "<group>"; };
		FA769F5D22C5F9E90099E232 /* StyleStack.cpp */ = {isa = PBXFileReference; fileEncoding = 4; lastKnownFileType = sourcecode.cpp.cpp; path = StyleStack.cpp; sourceTree = "<group>"; };
		FA769F5E22C5F9E90099E232 /* Finder.cpp */ = {isa = PBXFileReference; fileEncoding = 4; lastKnownFileType = sourcecode.cpp.cpp; path = Finder.cpp; sourceTree = "<group>"; };
		FA769F5F22C5F9E90099E232 /* Length.hpp */ = {isa = PBXFileReference; fileEncoding = 4; lastKnownFileType = sourcecode.cpp.h; path = Length.hpp; sourceTree = "<group>"; };
		FA769F6022C5F9E90099E232 /* Parser.hxx */ = {isa = PBXFileReference; fileEncoding = 4; lastKnownFileType = sourcecode.cpp.h; path = Parser.hxx; sourceTree = "<group>"; };
		FA769F6122C5F9E90099E232 /* Parser.cpp */ = {isa = PBXFileReference; fileEncoding = 4; lastKnownFileType = sourcecode.cpp.cpp; path = Parser.cpp; sourceTree = "<group>"; };
/* End PBXFileReference section */

/* Begin PBXFrameworksBuildPhase section */
		FA769F2122C5F9B80099E232 /* Frameworks */ = {
			isa = PBXFrameworksBuildPhase;
			buildActionMask = 2147483647;
			files = (
				AFA9F85A2CE1B446C44C8217 /* libPods-svgdom.a in Frameworks */,
			);
			runOnlyForDeploymentPostprocessing = 0;
		};
/* End PBXFrameworksBuildPhase section */

/* Begin PBXGroup section */
		CB12CD5FC45D3FDD5E98D55B /* Frameworks */ = {
			isa = PBXGroup;
			children = (
				0C17318C70EB124B0773899D /* libPods-svgdom.a */,
			);
			name = Frameworks;
			sourceTree = "<group>";
		};
		E351573F4716D9EBCC75560D /* Pods */ = {
			isa = PBXGroup;
			children = (
				8A74AC59F8570F9008248DD3 /* Pods-svgdom.debug.xcconfig */,
				C8C9E2FC49D6C138E4D19B4B /* Pods-svgdom.release.xcconfig */,
			);
			name = Pods;
			path = ../Pods;
			sourceTree = "<group>";
		};
		FA769F1B22C5F9B80099E232 = {
			isa = PBXGroup;
			children = (
				FA769F3022C5F9E90099E232 /* svgdom */,
				FA769F2522C5F9B80099E232 /* Products */,
				E351573F4716D9EBCC75560D /* Pods */,
				CB12CD5FC45D3FDD5E98D55B /* Frameworks */,
			);
			sourceTree = "<group>";
		};
		FA769F2522C5F9B80099E232 /* Products */ = {
			isa = PBXGroup;
			children = (
				FA769F2422C5F9B80099E232 /* libsvgdom.a */,
			);
			name = Products;
			sourceTree = "<group>";
		};
		FA769F3022C5F9E90099E232 /* svgdom */ = {
			isa = PBXGroup;
			children = (
				FA769F3C22C5F9E90099E232 /* elements */,
				FA769F5922C5F9E90099E232 /* Cloner.cpp */,
				FA769F3A22C5F9E90099E232 /* Cloner.hpp */,
				FA769F3922C5F9E90099E232 /* config.hpp */,
				FA769F3422C5F9E90099E232 /* dom.cpp */,
				FA769F5C22C5F9E90099E232 /* dom.hpp */,
				FA769F5A22C5F9E90099E232 /* Exc.hpp */,
				FA769F5E22C5F9E90099E232 /* Finder.cpp */,
				FA769F3322C5F9E90099E232 /* Finder.hpp */,
				FA769F3522C5F9E90099E232 /* Length.cpp */,
				FA769F5F22C5F9E90099E232 /* Length.hpp */,
				FA769F6122C5F9E90099E232 /* Parser.cpp */,
				FA769F6022C5F9E90099E232 /* Parser.hxx */,
				FA769F3B22C5F9E90099E232 /* StreamWriter.cpp */,
				FA769F3822C5F9E90099E232 /* StreamWriter.hpp */,
				FA769F5D22C5F9E90099E232 /* StyleStack.cpp */,
				FA769F3222C5F9E90099E232 /* StyleStack.hpp */,
				FA769F3622C5F9E90099E232 /* util.cpp */,
				FA769F3722C5F9E90099E232 /* util.hxx */,
				FA769F5B22C5F9E90099E232 /* Visitor.cpp */,
				FA769F3122C5F9E90099E232 /* Visitor.hpp */,
			);
			path = svgdom;
			sourceTree = "<group>";
		};
		FA769F3C22C5F9E90099E232 /* elements */ = {
			isa = PBXGroup;
			children = (
				FA769F5522C5F9E90099E232 /* AspectRatioed.cpp */,
				FA769F3E22C5F9E90099E232 /* AspectRatioed.hpp */,
				FA769F4022C5F9E90099E232 /* Container.hpp */,
				FA769F4622C5F9E90099E232 /* CoordinateUnits.hpp */,
				FA769F5622C5F9E90099E232 /* Element.cpp */,
				FA769F3F22C5F9E90099E232 /* Element.hpp */,
				FA769F4722C5F9E90099E232 /* Filter.cpp */,
				FA769F4F22C5F9E90099E232 /* Filter.hpp */,
				FA769F4822C5F9E90099E232 /* Gradients.cpp */,
				FA769F5022C5F9E90099E232 /* Gradients.hpp */,
				FA769F4522C5F9E90099E232 /* ImageElement.cpp */,
				FA769F4E22C5F9E90099E232 /* ImageElement.hpp */,
				FA769F5222C5F9E90099E232 /* Rectangle.cpp */,
				FA769F4B22C5F9E90099E232 /* Rectangle.hpp */,
				FA769F5122C5F9E90099E232 /* Referencing.cpp */,
				FA769F4922C5F9E90099E232 /* Referencing.hpp */,
				FA769F5422C5F9E90099E232 /* Shapes.cpp */,
				FA769F3D22C5F9E90099E232 /* Shapes.hpp */,
				FA769F5722C5F9E90099E232 /* Structurals.cpp */,
				FA769F4122C5F9E90099E232 /* Structurals.hpp */,
				FA769F4D22C5F9E90099E232 /* Styleable.cpp */,
				FA769F4322C5F9E90099E232 /* Styleable.hpp */,
				FA769F4222C5F9E90099E232 /* TextElement.cpp */,
				FA769F5822C5F9E90099E232 /* TextElement.hpp */,
				FA769F4A22C5F9E90099E232 /* Transformable.cpp */,
				FA769F5322C5F9E90099E232 /* Transformable.hpp */,
				FA769F4422C5F9E90099E232 /* ViewBoxed.cpp */,
				FA769F4C22C5F9E90099E232 /* ViewBoxed.hpp */,
			);
			path = elements;
			sourceTree = "<group>";
		};
/* End PBXGroup section */

/* Begin PBXNativeTarget section */
		FA769F2322C5F9B80099E232 /* svgdom */ = {
			isa = PBXNativeTarget;
			buildConfigurationList = FA769F2D22C5F9B80099E232 /* Build configuration list for PBXNativeTarget "svgdom" */;
			buildPhases = (
				A5D6337591BA6EFF1EA6893E /* [CP] Check Pods Manifest.lock */,
				FA769F2022C5F9B80099E232 /* Sources */,
				FA769F2122C5F9B80099E232 /* Frameworks */,
				FA769F2222C5F9B80099E232 /* CopyFiles */,
			);
			buildRules = (
			);
			dependencies = (
			);
			name = svgdom;
			productName = svgdom;
			productReference = FA769F2422C5F9B80099E232 /* libsvgdom.a */;
			productType = "com.apple.product-type.library.static";
		};
/* End PBXNativeTarget section */

/* Begin PBXProject section */
		FA769F1C22C5F9B80099E232 /* Project object */ = {
			isa = PBXProject;
			attributes = {
				LastUpgradeCheck = 1020;
				ORGANIZATIONNAME = "Union Bank of the Philippines";
				TargetAttributes = {
					FA769F2322C5F9B80099E232 = {
						CreatedOnToolsVersion = 10.2.1;
					};
				};
			};
			buildConfigurationList = FA769F1F22C5F9B80099E232 /* Build configuration list for PBXProject "svgdom" */;
			compatibilityVersion = "Xcode 9.3";
			developmentRegion = en;
			hasScannedForEncodings = 0;
			knownRegions = (
				en,
			);
			mainGroup = FA769F1B22C5F9B80099E232;
			productRefGroup = FA769F2522C5F9B80099E232 /* Products */;
			projectDirPath = "";
			projectRoot = "";
			targets = (
				FA769F2322C5F9B80099E232 /* svgdom */,
			);
		};
/* End PBXProject section */

/* Begin PBXShellScriptBuildPhase section */
		A5D6337591BA6EFF1EA6893E /* [CP] Check Pods Manifest.lock */ = {
			isa = PBXShellScriptBuildPhase;
			buildActionMask = 2147483647;
			files = (
			);
			inputFileListPaths = (
			);
			inputPaths = (
				"${PODS_PODFILE_DIR_PATH}/Podfile.lock",
				"${PODS_ROOT}/Manifest.lock",
			);
			name = "[CP] Check Pods Manifest.lock";
			outputFileListPaths = (
			);
			outputPaths = (
				"$(DERIVED_FILE_DIR)/Pods-svgdom-checkManifestLockResult.txt",
			);
			runOnlyForDeploymentPostprocessing = 0;
			shellPath = /bin/sh;
			shellScript = "diff \"${PODS_PODFILE_DIR_PATH}/Podfile.lock\" \"${PODS_ROOT}/Manifest.lock\" > /dev/null\nif [ $? != 0 ] ; then\n    # print error to STDERR\n    echo \"error: The sandbox is not in sync with the Podfile.lock. Run 'pod install' or update your CocoaPods installation.\" >&2\n    exit 1\nfi\n# This output is used by Xcode 'outputs' to avoid re-running this script phase.\necho \"SUCCESS\" > \"${SCRIPT_OUTPUT_FILE_0}\"\n";
			showEnvVarsInLog = 0;
		};
/* End PBXShellScriptBuildPhase section */

/* Begin PBXSourcesBuildPhase section */
		FA769F2022C5F9B80099E232 /* Sources */ = {
			isa = PBXSourcesBuildPhase;
			buildActionMask = 2147483647;
			files = (
				FA769F7222C5F9E90099E232 /* Structurals.cpp in Sources */,
				FA769F6622C5F9E90099E232 /* TextElement.cpp in Sources */,
				FA769F6922C5F9E90099E232 /* Filter.cpp in Sources */,
				FA769F7022C5F9E90099E232 /* AspectRatioed.cpp in Sources */,
				FA769F6A22C5F9E90099E232 /* Gradients.cpp in Sources */,
				FA769F6822C5F9E90099E232 /* ImageElement.cpp in Sources */,
				FA769F6D22C5F9E90099E232 /* Referencing.cpp in Sources */,
				FA769F7622C5F9E90099E232 /* Finder.cpp in Sources */,
				FA769F7122C5F9E90099E232 /* Element.cpp in Sources */,
				FA769F6222C5F9E90099E232 /* dom.cpp in Sources */,
				FA769F6322C5F9E90099E232 /* Length.cpp in Sources */,
				FA769F6522C5F9E90099E232 /* StreamWriter.cpp in Sources */,
				FA769F6E22C5F9E90099E232 /* Rectangle.cpp in Sources */,
				FA769F6F22C5F9E90099E232 /* Shapes.cpp in Sources */,
				FA769F6422C5F9E90099E232 /* util.cpp in Sources */,
				FA769F7522C5F9E90099E232 /* StyleStack.cpp in Sources */,
				FA769F7722C5F9E90099E232 /* Parser.cpp in Sources */,
				FA769F6B22C5F9E90099E232 /* Transformable.cpp in Sources */,
				FA769F6722C5F9E90099E232 /* ViewBoxed.cpp in Sources */,
				FA769F7422C5F9E90099E232 /* Visitor.cpp in Sources */,
				FA769F7322C5F9E90099E232 /* Cloner.cpp in Sources */,
				FA769F6C22C5F9E90099E232 /* Styleable.cpp in Sources */,
			);
			runOnlyForDeploymentPostprocessing = 0;
		};
/* End PBXSourcesBuildPhase section */

/* Begin XCBuildConfiguration section */
		FA769F2B22C5F9B80099E232 /* Debug */ = {
			isa = XCBuildConfiguration;
			buildSettings = {
				ALWAYS_SEARCH_USER_PATHS = NO;
				CLANG_ANALYZER_NONNULL = YES;
				CLANG_ANALYZER_NUMBER_OBJECT_CONVERSION = YES_AGGRESSIVE;
				CLANG_CXX_LANGUAGE_STANDARD = "gnu++14";
				CLANG_CXX_LIBRARY = "libc++";
				CLANG_ENABLE_MODULES = YES;
				CLANG_ENABLE_OBJC_ARC = YES;
				CLANG_ENABLE_OBJC_WEAK = YES;
				CLANG_WARN_BLOCK_CAPTURE_AUTORELEASING = YES;
				CLANG_WARN_BOOL_CONVERSION = YES;
				CLANG_WARN_COMMA = YES;
				CLANG_WARN_CONSTANT_CONVERSION = YES;
				CLANG_WARN_DEPRECATED_OBJC_IMPLEMENTATIONS = YES;
				CLANG_WARN_DIRECT_OBJC_ISA_USAGE = YES_ERROR;
				CLANG_WARN_DOCUMENTATION_COMMENTS = YES;
				CLANG_WARN_EMPTY_BODY = YES;
				CLANG_WARN_ENUM_CONVERSION = YES;
				CLANG_WARN_INFINITE_RECURSION = YES;
				CLANG_WARN_INT_CONVERSION = YES;
				CLANG_WARN_NON_LITERAL_NULL_CONVERSION = YES;
				CLANG_WARN_OBJC_IMPLICIT_RETAIN_SELF = YES;
				CLANG_WARN_OBJC_LITERAL_CONVERSION = YES;
				CLANG_WARN_OBJC_ROOT_CLASS = YES_ERROR;
				CLANG_WARN_RANGE_LOOP_ANALYSIS = YES;
				CLANG_WARN_STRICT_PROTOTYPES = YES;
				CLANG_WARN_SUSPICIOUS_MOVE = YES;
				CLANG_WARN_UNGUARDED_AVAILABILITY = YES_AGGRESSIVE;
				CLANG_WARN_UNREACHABLE_CODE = YES;
				CLANG_WARN__DUPLICATE_METHOD_MATCH = YES;
				CODE_SIGN_IDENTITY = "iPhone Developer";
				COPY_PHASE_STRIP = NO;
				DEBUG_INFORMATION_FORMAT = dwarf;
				ENABLE_STRICT_OBJC_MSGSEND = YES;
				ENABLE_TESTABILITY = YES;
				GCC_C_LANGUAGE_STANDARD = gnu11;
				GCC_DYNAMIC_NO_PIC = NO;
				GCC_NO_COMMON_BLOCKS = YES;
				GCC_OPTIMIZATION_LEVEL = 0;
				GCC_PREPROCESSOR_DEFINITIONS = (
					"DEBUG=1",
					"$(inherited)",
				);
				GCC_WARN_64_TO_32_BIT_CONVERSION = YES;
				GCC_WARN_ABOUT_RETURN_TYPE = YES_ERROR;
				GCC_WARN_UNDECLARED_SELECTOR = YES;
				GCC_WARN_UNINITIALIZED_AUTOS = YES_AGGRESSIVE;
				GCC_WARN_UNUSED_FUNCTION = YES;
				GCC_WARN_UNUSED_VARIABLE = YES;
				IPHONEOS_DEPLOYMENT_TARGET = 12.2;
				MTL_ENABLE_DEBUG_INFO = INCLUDE_SOURCE;
				MTL_FAST_MATH = YES;
				ONLY_ACTIVE_ARCH = YES;
				SDKROOT = iphoneos;
			};
			name = Debug;
		};
		FA769F2C22C5F9B80099E232 /* Release */ = {
			isa = XCBuildConfiguration;
			buildSettings = {
				ALWAYS_SEARCH_USER_PATHS = NO;
				CLANG_ANALYZER_NONNULL = YES;
				CLANG_ANALYZER_NUMBER_OBJECT_CONVERSION = YES_AGGRESSIVE;
				CLANG_CXX_LANGUAGE_STANDARD = "gnu++14";
				CLANG_CXX_LIBRARY = "libc++";
				CLANG_ENABLE_MODULES = YES;
				CLANG_ENABLE_OBJC_ARC = YES;
				CLANG_ENABLE_OBJC_WEAK = YES;
				CLANG_WARN_BLOCK_CAPTURE_AUTORELEASING = YES;
				CLANG_WARN_BOOL_CONVERSION = YES;
				CLANG_WARN_COMMA = YES;
				CLANG_WARN_CONSTANT_CONVERSION = YES;
				CLANG_WARN_DEPRECATED_OBJC_IMPLEMENTATIONS = YES;
				CLANG_WARN_DIRECT_OBJC_ISA_USAGE = YES_ERROR;
				CLANG_WARN_DOCUMENTATION_COMMENTS = YES;
				CLANG_WARN_EMPTY_BODY = YES;
				CLANG_WARN_ENUM_CONVERSION = YES;
				CLANG_WARN_INFINITE_RECURSION = YES;
				CLANG_WARN_INT_CONVERSION = YES;
				CLANG_WARN_NON_LITERAL_NULL_CONVERSION = YES;
				CLANG_WARN_OBJC_IMPLICIT_RETAIN_SELF = YES;
				CLANG_WARN_OBJC_LITERAL_CONVERSION = YES;
				CLANG_WARN_OBJC_ROOT_CLASS = YES_ERROR;
				CLANG_WARN_RANGE_LOOP_ANALYSIS = YES;
				CLANG_WARN_STRICT_PROTOTYPES = YES;
				CLANG_WARN_SUSPICIOUS_MOVE = YES;
				CLANG_WARN_UNGUARDED_AVAILABILITY = YES_AGGRESSIVE;
				CLANG_WARN_UNREACHABLE_CODE = YES;
				CLANG_WARN__DUPLICATE_METHOD_MATCH = YES;
				CODE_SIGN_IDENTITY = "iPhone Developer";
				COPY_PHASE_STRIP = NO;
				DEBUG_INFORMATION_FORMAT = "dwarf-with-dsym";
				ENABLE_NS_ASSERTIONS = NO;
				ENABLE_STRICT_OBJC_MSGSEND = YES;
				GCC_C_LANGUAGE_STANDARD = gnu11;
				GCC_NO_COMMON_BLOCKS = YES;
				GCC_WARN_64_TO_32_BIT_CONVERSION = YES;
				GCC_WARN_ABOUT_RETURN_TYPE = YES_ERROR;
				GCC_WARN_UNDECLARED_SELECTOR = YES;
				GCC_WARN_UNINITIALIZED_AUTOS = YES_AGGRESSIVE;
				GCC_WARN_UNUSED_FUNCTION = YES;
				GCC_WARN_UNUSED_VARIABLE = YES;
				IPHONEOS_DEPLOYMENT_TARGET = 12.2;
				MTL_ENABLE_DEBUG_INFO = NO;
				MTL_FAST_MATH = YES;
				SDKROOT = iphoneos;
				VALIDATE_PRODUCT = YES;
			};
			name = Release;
		};
		FA769F2E22C5F9B80099E232 /* Debug */ = {
			isa = XCBuildConfiguration;
			baseConfigurationReference = 8A74AC59F8570F9008248DD3 /* Pods-svgdom.debug.xcconfig */;
			buildSettings = {
				CODE_SIGN_STYLE = Automatic;
				DEVELOPMENT_TEAM = SL3TH38Y7N;
				OTHER_LDFLAGS = "-ObjC";
				PRODUCT_NAME = "$(TARGET_NAME)";
				SKIP_INSTALL = YES;
				TARGETED_DEVICE_FAMILY = "1,2";
			};
			name = Debug;
		};
		FA769F2F22C5F9B80099E232 /* Release */ = {
			isa = XCBuildConfiguration;
			baseConfigurationReference = C8C9E2FC49D6C138E4D19B4B /* Pods-svgdom.release.xcconfig */;
			buildSettings = {
				CODE_SIGN_STYLE = Automatic;
				DEVELOPMENT_TEAM = SL3TH38Y7N;
				OTHER_LDFLAGS = "-ObjC";
				PRODUCT_NAME = "$(TARGET_NAME)";
				SKIP_INSTALL = YES;
				TARGETED_DEVICE_FAMILY = "1,2";
			};
			name = Release;
		};
/* End XCBuildConfiguration section */

/* Begin XCConfigurationList section */
		FA769F1F22C5F9B80099E232 /* Build configuration list for PBXProject "svgdom" */ = {
			isa = XCConfigurationList;
			buildConfigurations = (
				FA769F2B22C5F9B80099E232 /* Debug */,
				FA769F2C22C5F9B80099E232 /* Release */,
			);
			defaultConfigurationIsVisible = 0;
			defaultConfigurationName = Release;
		};
		FA769F2D22C5F9B80099E232 /* Build configuration list for PBXNativeTarget "svgdom" */ = {
			isa = XCConfigurationList;
			buildConfigurations = (
				FA769F2E22C5F9B80099E232 /* Debug */,
				FA769F2F22C5F9B80099E232 /* Release */,
			);
			defaultConfigurationIsVisible = 0;
			defaultConfigurationName = Release;
		};
/* End XCConfigurationList section */
	};
	rootObject = FA769F1C22C5F9B80099E232 /* Project object */;
}
